
Microsoft Visual Studio Solution File, Format Version 12.00
# Visual Studio Version 16
VisualStudioVersion = 16.0.31613.86
MinimumVisualStudioVersion = 10.0.40219.1
Project("{9A19103F-16F7-4668-BE54-9A1E7A4F7556}") = "PetShop2021", "PetShop2021\PetShop2021.csproj", "{9872218E-2FF9-4F40-82DE-D1A92395CC32}"
EndProject
Project("{9A19103F-16F7-4668-BE54-9A1E7A4F7556}") = "PetShop.Core", "PetShop.Core\PetShop.Core.csproj", "{244D009C-735B-423B-900C-1BAC47DBBF08}"
EndProject
Project("{2150E333-8FDC-42A3-9474-1A3956D46DE8}") = "Core", "Core", "{829FB54B-05B2-4E57-B502-34D2817958B0}"
EndProject
Project("{2150E333-8FDC-42A3-9474-1A3956D46DE8}") = "Infrastructure", "Infrastructure", "{49292793-8554-417C-9FBA-B761E306503C}"
EndProject
Project("{2150E333-8FDC-42A3-9474-1A3956D46DE8}") = "UI", "UI", "{C4CAA087-16FF-4B94-801C-B2D47F8FE976}"
EndProject
Project("{9A19103F-16F7-4668-BE54-9A1E7A4F7556}") = "PetShop.Infrastructure.Data", "PetShop.Infrastructure.Data\PetShop.Infrastructure.Data.csproj", "{CB93A642-7B3F-4CE4-ACDA-E90C7AF52514}"
EndProject
Project("{2150E333-8FDC-42A3-9474-1A3956D46DE8}") = "Domain", "Domain", "{C6B97437-2D46-4CB2-B0C9-45A665BFECD3}"
EndProject
Project("{9A19103F-16F7-4668-BE54-9A1E7A4F7556}") = "PetShop.Domain", "PetShop.Domain\PetShop.Domain.csproj", "{EE496DAE-C27D-404E-824A-843A396B2622}"
EndProject
Project("{9A19103F-16F7-4668-BE54-9A1E7A4F7556}") = "PetShop.Core.Models", "PetShop.Core.Models\PetShop.Core.Models.csproj", "{303A2D2E-B322-4297-9CF4-5982C9B1DF60}"
EndProject
Global
	GlobalSection(SolutionConfigurationPlatforms) = preSolution
		Debug|Any CPU = Debug|Any CPU
		Release|Any CPU = Release|Any CPU
	EndGlobalSection
	GlobalSection(ProjectConfigurationPlatforms) = postSolution
		{9872218E-2FF9-4F40-82DE-D1A92395CC32}.Debug|Any CPU.ActiveCfg = Debug|Any CPU
		{9872218E-2FF9-4F40-82DE-D1A92395CC32}.Debug|Any CPU.Build.0 = Debug|Any CPU
		{9872218E-2FF9-4F40-82DE-D1A92395CC32}.Release|Any CPU.ActiveCfg = Release|Any CPU
		{9872218E-2FF9-4F40-82DE-D1A92395CC32}.Release|Any CPU.Build.0 = Release|Any CPU
		{244D009C-735B-423B-900C-1BAC47DBBF08}.Debug|Any CPU.ActiveCfg = Debug|Any CPU
		{244D009C-735B-423B-900C-1BAC47DBBF08}.Debug|Any CPU.Build.0 = Debug|Any CPU
		{244D009C-735B-423B-900C-1BAC47DBBF08}.Release|Any CPU.ActiveCfg = Release|Any CPU
		{244D009C-735B-423B-900C-1BAC47DBBF08}.Release|Any CPU.Build.0 = Release|Any CPU
		{CB93A642-7B3F-4CE4-ACDA-E90C7AF52514}.Debug|Any CPU.ActiveCfg = Debug|Any CPU
		{CB93A642-7B3F-4CE4-ACDA-E90C7AF52514}.Debug|Any CPU.Build.0 = Debug|Any CPU
		{CB93A642-7B3F-4CE4-ACDA-E90C7AF52514}.Release|Any CPU.ActiveCfg = Release|Any CPU
		{CB93A642-7B3F-4CE4-ACDA-E90C7AF52514}.Release|Any CPU.Build.0 = Release|Any CPU
		{EE496DAE-C27D-404E-824A-843A396B2622}.Debug|Any CPU.ActiveCfg = Debug|Any CPU
		{EE496DAE-C27D-404E-824A-843A396B2622}.Debug|Any CPU.Build.0 = Debug|Any CPU
		{EE496DAE-C27D-404E-824A-843A396B2622}.Release|Any CPU.ActiveCfg = Release|Any CPU
		{EE496DAE-C27D-404E-824A-843A396B2622}.Release|Any CPU.Build.0 = Release|Any CPU
		{303A2D2E-B322-4297-9CF4-5982C9B1DF60}.Debug|Any CPU.ActiveCfg = Debug|Any CPU
		{303A2D2E-B322-4297-9CF4-5982C9B1DF60}.Debug|Any CPU.Build.0 = Debug|Any CPU
		{303A2D2E-B322-4297-9CF4-5982C9B1DF60}.Release|Any CPU.ActiveCfg = Release|Any CPU
		{303A2D2E-B322-4297-9CF4-5982C9B1DF60}.Release|Any CPU.Build.0 = Release|Any CPU
	EndGlobalSection
	GlobalSection(SolutionProperties) = preSolution
		HideSolutionNode = FALSE
	EndGlobalSection
	GlobalSection(NestedProjects) = preSolution
		{9872218E-2FF9-4F40-82DE-D1A92395CC32} = {C4CAA087-16FF-4B94-801C-B2D47F8FE976}
		{244D009C-735B-423B-900C-1BAC47DBBF08} = {829FB54B-05B2-4E57-B502-34D2817958B0}
		{CB93A642-7B3F-4CE4-ACDA-E90C7AF52514} = {49292793-8554-417C-9FBA-B761E306503C}
		{EE496DAE-C27D-404E-824A-843A396B2622} = {C6B97437-2D46-4CB2-B0C9-45A665BFECD3}
		{303A2D2E-B322-4297-9CF4-5982C9B1DF60} = {829FB54B-05B2-4E57-B502-34D2817958B0}
	EndGlobalSection
	GlobalSection(ExtensibilityGlobals) = postSolution
		SolutionGuid = {36BA446A-6FCF-4091-B174-F421775169C2}
	EndGlobalSection
EndGlobal
